
Microsoft Visual Studio Solution File, Format Version 12.00
Project("{2150E333-8FDC-42A3-9474-1A3956D46DE8}") = "ApiGateway", "ApiGateway", "{237E2B5C-90F1-49F6-A40F-17B7C01BE9F2}"
EndProject
Project("{2150E333-8FDC-42A3-9474-1A3956D46DE8}") = "Services", "Services", "{B53C0563-BA4E-4B09-AF41-0B42045B1CF4}"
EndProject
Project("{FAE04EC0-301F-11D3-BF4B-00C04F79EFBC}") = "ApiGateway", "ApiGateway\ApiGateway.csproj", "{590E6477-71FD-4DF7-A1FF-009426E3AEDE}"
EndProject
Project("{2150E333-8FDC-42A3-9474-1A3956D46DE8}") = "Solution Items", "Solution Items", "{92CFE2E4-3B61-4A67-8DED-EDA50DE5E506}"
	ProjectSection(SolutionItems) = preProject
		compose.yaml = compose.yaml
	EndProjectSection
EndProject
Project("{FAE04EC0-301F-11D3-BF4B-00C04F79EFBC}") = "PaymentService", "PaymentService\PaymentService.csproj", "{B97506F6-05EA-4CEF-90FE-2CEEBD48F52C}"
EndProject
Project("{FAE04EC0-301F-11D3-BF4B-00C04F79EFBC}") = "NotificationService", "NotificationService\NotificationService.csproj", "{FD4F254B-364F-4DB7-8ECD-B75EA7F35B11}"
EndProject
Project("{FAE04EC0-301F-11D3-BF4B-00C04F79EFBC}") = "OrderService", "OrderService\OrderService.csproj", "{D1A765E3-5010-4CC7-800F-2BDCB855CCF3}"
EndProject
Project("{FAE04EC0-301F-11D3-BF4B-00C04F79EFBC}") = "ProductCatalog", "ProductCatalog\ProductCatalog.csproj", "{F86DA59C-8FF6-48D3-8FFF-389B3D30C546}"
EndProject
Project("{FAE04EC0-301F-11D3-BF4B-00C04F79EFBC}") = "ShoppingCart", "ShoppingCart\ShoppingCart.csproj", "{14AEF041-C936-423C-8EA5-26495229BBC9}"
EndProject
Project("{FAE04EC0-301F-11D3-BF4B-00C04F79EFBC}") = "UserService", "UserService\UserService.csproj", "{A4BADC3C-ECB7-4998-B79D-0E8618CFA4CA}"
EndProject
Global
	GlobalSection(SolutionConfigurationPlatforms) = preSolution
		Debug|Any CPU = Debug|Any CPU
		Release|Any CPU = Release|Any CPU
	EndGlobalSection
	GlobalSection(NestedProjects) = preSolution
		{590E6477-71FD-4DF7-A1FF-009426E3AEDE} = {237E2B5C-90F1-49F6-A40F-17B7C01BE9F2}
		{B97506F6-05EA-4CEF-90FE-2CEEBD48F52C} = {B53C0563-BA4E-4B09-AF41-0B42045B1CF4}
		{FD4F254B-364F-4DB7-8ECD-B75EA7F35B11} = {B53C0563-BA4E-4B09-AF41-0B42045B1CF4}
		{D1A765E3-5010-4CC7-800F-2BDCB855CCF3} = {B53C0563-BA4E-4B09-AF41-0B42045B1CF4}
		{F86DA59C-8FF6-48D3-8FFF-389B3D30C546} = {B53C0563-BA4E-4B09-AF41-0B42045B1CF4}
		{14AEF041-C936-423C-8EA5-26495229BBC9} = {B53C0563-BA4E-4B09-AF41-0B42045B1CF4}
		{A4BADC3C-ECB7-4998-B79D-0E8618CFA4CA} = {B53C0563-BA4E-4B09-AF41-0B42045B1CF4}
	EndGlobalSection
	GlobalSection(ProjectConfigurationPlatforms) = postSolution
		{590E6477-71FD-4DF7-A1FF-009426E3AEDE}.Debug|Any CPU.ActiveCfg = Debug|Any CPU
		{590E6477-71FD-4DF7-A1FF-009426E3AEDE}.Debug|Any CPU.Build.0 = Debug|Any CPU
		{590E6477-71FD-4DF7-A1FF-009426E3AEDE}.Release|Any CPU.ActiveCfg = Release|Any CPU
		{590E6477-71FD-4DF7-A1FF-009426E3AEDE}.Release|Any CPU.Build.0 = Release|Any CPU
		{B97506F6-05EA-4CEF-90FE-2CEEBD48F52C}.Debug|Any CPU.ActiveCfg = Debug|Any CPU
		{B97506F6-05EA-4CEF-90FE-2CEEBD48F52C}.Debug|Any CPU.Build.0 = Debug|Any CPU
		{B97506F6-05EA-4CEF-90FE-2CEEBD48F52C}.Release|Any CPU.ActiveCfg = Release|Any CPU
		{B97506F6-05EA-4CEF-90FE-2CEEBD48F52C}.Release|Any CPU.Build.0 = Release|Any CPU
		{FD4F254B-364F-4DB7-8ECD-B75EA7F35B11}.Debug|Any CPU.ActiveCfg = Debug|Any CPU
		{FD4F254B-364F-4DB7-8ECD-B75EA7F35B11}.Debug|Any CPU.Build.0 = Debug|Any CPU
		{FD4F254B-364F-4DB7-8ECD-B75EA7F35B11}.Release|Any CPU.ActiveCfg = Release|Any CPU
		{FD4F254B-364F-4DB7-8ECD-B75EA7F35B11}.Release|Any CPU.Build.0 = Release|Any CPU
		{D1A765E3-5010-4CC7-800F-2BDCB855CCF3}.Debug|Any CPU.ActiveCfg = Debug|Any CPU
		{D1A765E3-5010-4CC7-800F-2BDCB855CCF3}.Debug|Any CPU.Build.0 = Debug|Any CPU
		{D1A765E3-5010-4CC7-800F-2BDCB855CCF3}.Release|Any CPU.ActiveCfg = Release|Any CPU
		{D1A765E3-5010-4CC7-800F-2BDCB855CCF3}.Release|Any CPU.Build.0 = Release|Any CPU
		{F86DA59C-8FF6-48D3-8FFF-389B3D30C546}.Debug|Any CPU.ActiveCfg = Debug|Any CPU
		{F86DA59C-8FF6-48D3-8FFF-389B3D30C546}.Debug|Any CPU.Build.0 = Debug|Any CPU
		{F86DA59C-8FF6-48D3-8FFF-389B3D30C546}.Release|Any CPU.ActiveCfg = Release|Any CPU
		{F86DA59C-8FF6-48D3-8FFF-389B3D30C546}.Release|Any CPU.Build.0 = Release|Any CPU
		{14AEF041-C936-423C-8EA5-26495229BBC9}.Debug|Any CPU.ActiveCfg = Debug|Any CPU
		{14AEF041-C936-423C-8EA5-26495229BBC9}.Debug|Any CPU.Build.0 = Debug|Any CPU
		{14AEF041-C936-423C-8EA5-26495229BBC9}.Release|Any CPU.ActiveCfg = Release|Any CPU
		{14AEF041-C936-423C-8EA5-26495229BBC9}.Release|Any CPU.Build.0 = Release|Any CPU
		{A4BADC3C-ECB7-4998-B79D-0E8618CFA4CA}.Debug|Any CPU.ActiveCfg = Debug|Any CPU
		{A4BADC3C-ECB7-4998-B79D-0E8618CFA4CA}.Debug|Any CPU.Build.0 = Debug|Any CPU
		{A4BADC3C-ECB7-4998-B79D-0E8618CFA4CA}.Release|Any CPU.ActiveCfg = Release|Any CPU
		{A4BADC3C-ECB7-4998-B79D-0E8618CFA4CA}.Release|Any CPU.Build.0 = Release|Any CPU
	EndGlobalSection
EndGlobal
